// !$*UTF8*$!
{
	archiveVersion = 1;
	classes = {
	};
	objectVersion = 56;
	objects = {

/* Begin PBXBuildFile section */
		004AE7932AA16BBD00B1AA17 /* BookwormApp.swift in Sources */ = {isa = PBXBuildFile; fileRef = 004AE7922AA16BBD00B1AA17 /* BookwormApp.swift */; };
		004AE7952AA16BBD00B1AA17 /* ContentView.swift in Sources */ = {isa = PBXBuildFile; fileRef = 004AE7942AA16BBD00B1AA17 /* ContentView.swift */; };
		004AE7972AA16BBE00B1AA17 /* Assets.xcassets in Resources */ = {isa = PBXBuildFile; fileRef = 004AE7962AA16BBE00B1AA17 /* Assets.xcassets */; };
		004AE79A2AA16BBE00B1AA17 /* Preview Assets.xcassets in Resources */ = {isa = PBXBuildFile; fileRef = 004AE7992AA16BBE00B1AA17 /* Preview Assets.xcassets */; };
		009E15732AA28ED70079A692 /* PushButton.swift in Sources */ = {isa = PBXBuildFile; fileRef = 009E15722AA28ED70079A692 /* PushButton.swift */; };
		009E15752AA2A8DD0079A692 /* TextEditorEx.swift in Sources */ = {isa = PBXBuildFile; fileRef = 009E15742AA2A8DD0079A692 /* TextEditorEx.swift */; };
		009E15772AA2AF390079A692 /* EarlyExamples.swift in Sources */ = {isa = PBXBuildFile; fileRef = 009E15762AA2AF390079A692 /* EarlyExamples.swift */; };
		009E15792AA2B28B0079A692 /* CoreDataEx.swift in Sources */ = {isa = PBXBuildFile; fileRef = 009E15782AA2B28A0079A692 /* CoreDataEx.swift */; };
		009E157C2AA2B4020079A692 /* Bookworm.xcdatamodeld in Sources */ = {isa = PBXBuildFile; fileRef = 009E157A2AA2B4020079A692 /* Bookworm.xcdatamodeld */; };
		009E157E2AA2B4740079A692 /* DataController.swift in Sources */ = {isa = PBXBuildFile; fileRef = 009E157D2AA2B4740079A692 /* DataController.swift */; };
		00C71B122AAA4C9A00A5485A /* AddBookView.swift in Sources */ = {isa = PBXBuildFile; fileRef = 00C71B112AAA4C9A00A5485A /* AddBookView.swift */; };
		00C71B142AAA739400A5485A /* BookView.swift in Sources */ = {isa = PBXBuildFile; fileRef = 00C71B132AAA739400A5485A /* BookView.swift */; };
		00C71B162AAA8A6100A5485A /* RatingView.swift in Sources */ = {isa = PBXBuildFile; fileRef = 00C71B152AAA8A6100A5485A /* RatingView.swift */; };
		00C71B182AAA8FA600A5485A /* EmojiRating.swift in Sources */ = {isa = PBXBuildFile; fileRef = 00C71B172AAA8FA600A5485A /* EmojiRating.swift */; };
		00C71B1A2AAAF7FE00A5485A /* DetailView.swift in Sources */ = {isa = PBXBuildFile; fileRef = 00C71B192AAAF7FE00A5485A /* DetailView.swift */; };
/* End PBXBuildFile section */

/* Begin PBXFileReference section */
		004AE78F2AA16BBD00B1AA17 /* Bookworm.app */ = {isa = PBXFileReference; explicitFileType = wrapper.application; includeInIndex = 0; path = Bookworm.app; sourceTree = BUILT_PRODUCTS_DIR; };
		004AE7922AA16BBD00B1AA17 /* BookwormApp.swift */ = {isa = PBXFileReference; lastKnownFileType = sourcecode.swift; path = BookwormApp.swift; sourceTree = "<group>"; };
		004AE7942AA16BBD00B1AA17 /* ContentView.swift */ = {isa = PBXFileReference; lastKnownFileType = sourcecode.swift; path = ContentView.swift; sourceTree = "<group>"; };
		004AE7962AA16BBE00B1AA17 /* Assets.xcassets */ = {isa = PBXFileReference; lastKnownFileType = folder.assetcatalog; path = Assets.xcassets; sourceTree = "<group>"; };
		004AE7992AA16BBE00B1AA17 /* Preview Assets.xcassets */ = {isa = PBXFileReference; lastKnownFileType = folder.assetcatalog; path = "Preview Assets.xcassets"; sourceTree = "<group>"; };
		009E15722AA28ED70079A692 /* PushButton.swift */ = {isa = PBXFileReference; lastKnownFileType = sourcecode.swift; path = PushButton.swift; sourceTree = "<group>"; };
		009E15742AA2A8DD0079A692 /* TextEditorEx.swift */ = {isa = PBXFileReference; lastKnownFileType = sourcecode.swift; path = TextEditorEx.swift; sourceTree = "<group>"; };
		009E15762AA2AF390079A692 /* EarlyExamples.swift */ = {isa = PBXFileReference; lastKnownFileType = sourcecode.swift; path = EarlyExamples.swift; sourceTree = "<group>"; };
		009E15782AA2B28A0079A692 /* CoreDataEx.swift */ = {isa = PBXFileReference; lastKnownFileType = sourcecode.swift; path = CoreDataEx.swift; sourceTree = "<group>"; };
		009E157B2AA2B4020079A692 /* Bookworm.xcdatamodel */ = {isa = PBXFileReference; lastKnownFileType = wrapper.xcdatamodel; path = Bookworm.xcdatamodel; sourceTree = "<group>"; };
		009E157D2AA2B4740079A692 /* DataController.swift */ = {isa = PBXFileReference; lastKnownFileType = sourcecode.swift; path = DataController.swift; sourceTree = "<group>"; };
		00C71B112AAA4C9A00A5485A /* AddBookView.swift */ = {isa = PBXFileReference; lastKnownFileType = sourcecode.swift; path = AddBookView.swift; sourceTree = "<group>"; };
		00C71B132AAA739400A5485A /* BookView.swift */ = {isa = PBXFileReference; lastKnownFileType = sourcecode.swift; path = BookView.swift; sourceTree = "<group>"; };
		00C71B152AAA8A6100A5485A /* RatingView.swift */ = {isa = PBXFileReference; lastKnownFileType = sourcecode.swift; path = RatingView.swift; sourceTree = "<group>"; };
		00C71B172AAA8FA600A5485A /* EmojiRating.swift */ = {isa = PBXFileReference; lastKnownFileType = sourcecode.swift; path = EmojiRating.swift; sourceTree = "<group>"; };
		00C71B192AAAF7FE00A5485A /* DetailView.swift */ = {isa = PBXFileReference; lastKnownFileType = sourcecode.swift; path = DetailView.swift; sourceTree = "<group>"; };
/* End PBXFileReference section */

/* Begin PBXFrameworksBuildPhase section */
		004AE78C2AA16BBD00B1AA17 /* Frameworks */ = {
			isa = PBXFrameworksBuildPhase;
			buildActionMask = 2147483647;
			files = (
			);
			runOnlyForDeploymentPostprocessing = 0;
		};
/* End PBXFrameworksBuildPhase section */

/* Begin PBXGroup section */
		004AE7862AA16BBD00B1AA17 = {
			isa = PBXGroup;
			children = (
				004AE7912AA16BBD00B1AA17 /* Bookworm */,
				004AE7902AA16BBD00B1AA17 /* Products */,
			);
			sourceTree = "<group>";
		};
		004AE7902AA16BBD00B1AA17 /* Products */ = {
			isa = PBXGroup;
			children = (
				004AE78F2AA16BBD00B1AA17 /* Bookworm.app */,
			);
			name = Products;
			sourceTree = "<group>";
		};
		004AE7912AA16BBD00B1AA17 /* Bookworm */ = {
			isa = PBXGroup;
			children = (
				004AE7922AA16BBD00B1AA17 /* BookwormApp.swift */,
				004AE7942AA16BBD00B1AA17 /* ContentView.swift */,
				00C71B112AAA4C9A00A5485A /* AddBookView.swift */,
				00C71B132AAA739400A5485A /* BookView.swift */,
				00C71B192AAAF7FE00A5485A /* DetailView.swift */,
				00C71B172AAA8FA600A5485A /* EmojiRating.swift */,
				00C71B152AAA8A6100A5485A /* RatingView.swift */,
				009E15782AA2B28A0079A692 /* CoreDataEx.swift */,
				009E157D2AA2B4740079A692 /* DataController.swift */,
				009E157A2AA2B4020079A692 /* Bookworm.xcdatamodeld */,
				009E15762AA2AF390079A692 /* EarlyExamples.swift */,
				009E15742AA2A8DD0079A692 /* TextEditorEx.swift */,
				009E15722AA28ED70079A692 /* PushButton.swift */,
				004AE7962AA16BBE00B1AA17 /* Assets.xcassets */,
				004AE7982AA16BBE00B1AA17 /* Preview Content */,
			);
			path = Bookworm;
			sourceTree = "<group>";
		};
		004AE7982AA16BBE00B1AA17 /* Preview Content */ = {
			isa = PBXGroup;
			children = (
				004AE7992AA16BBE00B1AA17 /* Preview Assets.xcassets */,
			);
			path = "Preview Content";
			sourceTree = "<group>";
		};
/* End PBXGroup section */

/* Begin PBXNativeTarget section */
		004AE78E2AA16BBD00B1AA17 /* Bookworm */ = {
			isa = PBXNativeTarget;
			buildConfigurationList = 004AE79D2AA16BBE00B1AA17 /* Build configuration list for PBXNativeTarget "Bookworm" */;
			buildPhases = (
				004AE78B2AA16BBD00B1AA17 /* Sources */,
				004AE78C2AA16BBD00B1AA17 /* Frameworks */,
				004AE78D2AA16BBD00B1AA17 /* Resources */,
			);
			buildRules = (
			);
			dependencies = (
			);
			name = Bookworm;
			productName = Bookworm;
			productReference = 004AE78F2AA16BBD00B1AA17 /* Bookworm.app */;
			productType = "com.apple.product-type.application";
		};
/* End PBXNativeTarget section */

/* Begin PBXProject section */
		004AE7872AA16BBD00B1AA17 /* Project object */ = {
			isa = PBXProject;
			attributes = {
				BuildIndependentTargetsInParallel = 1;
				LastSwiftUpdateCheck = 1430;
				LastUpgradeCheck = 1430;
				TargetAttributes = {
					004AE78E2AA16BBD00B1AA17 = {
						CreatedOnToolsVersion = 14.3;
					};
				};
			};
			buildConfigurationList = 004AE78A2AA16BBD00B1AA17 /* Build configuration list for PBXProject "Bookworm" */;
			compatibilityVersion = "Xcode 14.0";
			developmentRegion = en;
			hasScannedForEncodings = 0;
			knownRegions = (
				en,
				Base,
			);
			mainGroup = 004AE7862AA16BBD00B1AA17;
			productRefGroup = 004AE7902AA16BBD00B1AA17 /* Products */;
			projectDirPath = "";
			projectRoot = "";
			targets = (
				004AE78E2AA16BBD00B1AA17 /* Bookworm */,
			);
		};
/* End PBXProject section */

/* Begin PBXResourcesBuildPhase section */
		004AE78D2AA16BBD00B1AA17 /* Resources */ = {
			isa = PBXResourcesBuildPhase;
			buildActionMask = 2147483647;
			files = (
				004AE79A2AA16BBE00B1AA17 /* Preview Assets.xcassets in Resources */,
				004AE7972AA16BBE00B1AA17 /* Assets.xcassets in Resources */,
			);
			runOnlyForDeploymentPostprocessing = 0;
		};
/* End PBXResourcesBuildPhase section */

/* Begin PBXSourcesBuildPhase section */
		004AE78B2AA16BBD00B1AA17 /* Sources */ = {
			isa = PBXSourcesBuildPhase;
			buildActionMask = 2147483647;
			files = (
				00C71B162AAA8A6100A5485A /* RatingView.swift in Sources */,
				004AE7952AA16BBD00B1AA17 /* ContentView.swift in Sources */,
				00C71B122AAA4C9A00A5485A /* AddBookView.swift in Sources */,
				009E15792AA2B28B0079A692 /* CoreDataEx.swift in Sources */,
				004AE7932AA16BBD00B1AA17 /* BookwormApp.swift in Sources */,
				00C71B182AAA8FA600A5485A /* EmojiRating.swift in Sources */,
				009E15752AA2A8DD0079A692 /* TextEditorEx.swift in Sources */,
				00C71B1A2AAAF7FE00A5485A /* DetailView.swift in Sources */,
				009E15772AA2AF390079A692 /* EarlyExamples.swift in Sources */,
				009E157E2AA2B4740079A692 /* DataController.swift in Sources */,
				009E15732AA28ED70079A692 /* PushButton.swift in Sources */,
				009E157C2AA2B4020079A692 /* Bookworm.xcdatamodeld in Sources */,
				00C71B142AAA739400A5485A /* BookView.swift in Sources */,
			);
			runOnlyForDeploymentPostprocessing = 0;
		};
/* End PBXSourcesBuildPhase section */

/* Begin XCBuildConfiguration section */
		004AE79B2AA16BBE00B1AA17 /* Debug */ = {
			isa = XCBuildConfiguration;
			buildSettings = {
				ALWAYS_SEARCH_USER_PATHS = NO;
				CLANG_ANALYZER_NONNULL = YES;
				CLANG_ANALYZER_NUMBER_OBJECT_CONVERSION = YES_AGGRESSIVE;
				CLANG_CXX_LANGUAGE_STANDARD = "gnu++20";
				CLANG_ENABLE_MODULES = YES;
				CLANG_ENABLE_OBJC_ARC = YES;
				CLANG_ENABLE_OBJC_WEAK = YES;
				CLANG_WARN_BLOCK_CAPTURE_AUTORELEASING = YES;
				CLANG_WARN_BOOL_CONVERSION = YES;
				CLANG_WARN_COMMA = YES;
				CLANG_WARN_CONSTANT_CONVERSION = YES;
				CLANG_WARN_DEPRECATED_OBJC_IMPLEMENTATIONS = YES;
				CLANG_WARN_DIRECT_OBJC_ISA_USAGE = YES_ERROR;
				CLANG_WARN_DOCUMENTATION_COMMENTS = YES;
				CLANG_WARN_EMPTY_BODY = YES;
				CLANG_WARN_ENUM_CONVERSION = YES;
				CLANG_WARN_INFINITE_RECURSION = YES;
				CLANG_WARN_INT_CONVERSION = YES;
				CLANG_WARN_NON_LITERAL_NULL_CONVERSION = YES;
				CLANG_WARN_OBJC_IMPLICIT_RETAIN_SELF = YES;
				CLANG_WARN_OBJC_LITERAL_CONVERSION = YES;
				CLANG_WARN_OBJC_ROOT_CLASS = YES_ERROR;
				CLANG_WARN_QUOTED_INCLUDE_IN_FRAMEWORK_HEADER = YES;
				CLANG_WARN_RANGE_LOOP_ANALYSIS = YES;
				CLANG_WARN_STRICT_PROTOTYPES = YES;
				CLANG_WARN_SUSPICIOUS_MOVE = YES;
				CLANG_WARN_UNGUARDED_AVAILABILITY = YES_AGGRESSIVE;
				CLANG_WARN_UNREACHABLE_CODE = YES;
				CLANG_WARN__DUPLICATE_METHOD_MATCH = YES;
				COPY_PHASE_STRIP = NO;
				DEBUG_INFORMATION_FORMAT = dwarf;
				ENABLE_STRICT_OBJC_MSGSEND = YES;
				ENABLE_TESTABILITY = YES;
				GCC_C_LANGUAGE_STANDARD = gnu11;
				GCC_DYNAMIC_NO_PIC = NO;
				GCC_NO_COMMON_BLOCKS = YES;
				GCC_OPTIMIZATION_LEVEL = 0;
				GCC_PREPROCESSOR_DEFINITIONS = (
					"DEBUG=1",
					"$(inherited)",
				);
				GCC_WARN_64_TO_32_BIT_CONVERSION = YES;
				GCC_WARN_ABOUT_RETURN_TYPE = YES_ERROR;
				GCC_WARN_UNDECLARED_SELECTOR = YES;
				GCC_WARN_UNINITIALIZED_AUTOS = YES_AGGRESSIVE;
				GCC_WARN_UNUSED_FUNCTION = YES;
				GCC_WARN_UNUSED_VARIABLE = YES;
				IPHONEOS_DEPLOYMENT_TARGET = 16.4;
				MTL_ENABLE_DEBUG_INFO = INCLUDE_SOURCE;
				MTL_FAST_MATH = YES;
				ONLY_ACTIVE_ARCH = YES;
				SDKROOT = iphoneos;
				SWIFT_ACTIVE_COMPILATION_CONDITIONS = DEBUG;
				SWIFT_OPTIMIZATION_LEVEL = "-Onone";
			};
			name = Debug;
		};
		004AE79C2AA16BBE00B1AA17 /* Release */ = {
			isa = XCBuildConfiguration;
			buildSettings = {
				ALWAYS_SEARCH_USER_PATHS = NO;
				CLANG_ANALYZER_NONNULL = YES;
				CLANG_ANALYZER_NUMBER_OBJECT_CONVERSION = YES_AGGRESSIVE;
				CLANG_CXX_LANGUAGE_STANDARD = "gnu++20";
				CLANG_ENABLE_MODULES = YES;
				CLANG_ENABLE_OBJC_ARC = YES;
				CLANG_ENABLE_OBJC_WEAK = YES;
				CLANG_WARN_BLOCK_CAPTURE_AUTORELEASING = YES;
				CLANG_WARN_BOOL_CONVERSION = YES;
				CLANG_WARN_COMMA = YES;
				CLANG_WARN_CONSTANT_CONVERSION = YES;
				CLANG_WARN_DEPRECATED_OBJC_IMPLEMENTATIONS = YES;
				CLANG_WARN_DIRECT_OBJC_ISA_USAGE = YES_ERROR;
				CLANG_WARN_DOCUMENTATION_COMMENTS = YES;
				CLANG_WARN_EMPTY_BODY = YES;
				CLANG_WARN_ENUM_CONVERSION = YES;
				CLANG_WARN_INFINITE_RECURSION = YES;
				CLANG_WARN_INT_CONVERSION = YES;
				CLANG_WARN_NON_LITERAL_NULL_CONVERSION = YES;
				CLANG_WARN_OBJC_IMPLICIT_RETAIN_SELF = YES;
				CLANG_WARN_OBJC_LITERAL_CONVERSION = YES;
				CLANG_WARN_OBJC_ROOT_CLASS = YES_ERROR;
				CLANG_WARN_QUOTED_INCLUDE_IN_FRAMEWORK_HEADER = YES;
				CLANG_WARN_RANGE_LOOP_ANALYSIS = YES;
				CLANG_WARN_STRICT_PROTOTYPES = YES;
				CLANG_WARN_SUSPICIOUS_MOVE = YES;
				CLANG_WARN_UNGUARDED_AVAILABILITY = YES_AGGRESSIVE;
				CLANG_WARN_UNREACHABLE_CODE = YES;
				CLANG_WARN__DUPLICATE_METHOD_MATCH = YES;
				COPY_PHASE_STRIP = NO;
				DEBUG_INFORMATION_FORMAT = "dwarf-with-dsym";
				ENABLE_NS_ASSERTIONS = NO;
				ENABLE_STRICT_OBJC_MSGSEND = YES;
				GCC_C_LANGUAGE_STANDARD = gnu11;
				GCC_NO_COMMON_BLOCKS = YES;
				GCC_WARN_64_TO_32_BIT_CONVERSION = YES;
				GCC_WARN_ABOUT_RETURN_TYPE = YES_ERROR;
				GCC_WARN_UNDECLARED_SELECTOR = YES;
				GCC_WARN_UNINITIALIZED_AUTOS = YES_AGGRESSIVE;
				GCC_WARN_UNUSED_FUNCTION = YES;
				GCC_WARN_UNUSED_VARIABLE = YES;
				IPHONEOS_DEPLOYMENT_TARGET = 16.4;
				MTL_ENABLE_DEBUG_INFO = NO;
				MTL_FAST_MATH = YES;
				SDKROOT = iphoneos;
				SWIFT_COMPILATION_MODE = wholemodule;
				SWIFT_OPTIMIZATION_LEVEL = "-O";
				VALIDATE_PRODUCT = YES;
			};
			name = Release;
		};
		004AE79E2AA16BBE00B1AA17 /* Debug */ = {
			isa = XCBuildConfiguration;
			buildSettings = {
				ASSETCATALOG_COMPILER_APPICON_NAME = AppIcon;
				ASSETCATALOG_COMPILER_GLOBAL_ACCENT_COLOR_NAME = AccentColor;
				CODE_SIGN_STYLE = Automatic;
				CURRENT_PROJECT_VERSION = 1;
				DEVELOPMENT_ASSET_PATHS = "\"Bookworm/Preview Content\"";
				ENABLE_PREVIEWS = YES;
				GENERATE_INFOPLIST_FILE = YES;
				INFOPLIST_KEY_UIApplicationSceneManifest_Generation = YES;
				INFOPLIST_KEY_UIApplicationSupportsIndirectInputEvents = YES;
				INFOPLIST_KEY_UILaunchScreen_Generation = YES;
				INFOPLIST_KEY_UISupportedInterfaceOrientations_iPad = "UIInterfaceOrientationPortrait UIInterfaceOrientationPortraitUpsideDown UIInterfaceOrientationLandscapeLeft UIInterfaceOrientationLandscapeRight";
				INFOPLIST_KEY_UISupportedInterfaceOrientations_iPhone = "UIInterfaceOrientationPortrait UIInterfaceOrientationLandscapeLeft UIInterfaceOrientationLandscapeRight";
				LD_RUNPATH_SEARCH_PATHS = (
					"$(inherited)",
					"@executable_path/Frameworks",
				);
				MARKETING_VERSION = 1.0;
				PRODUCT_BUNDLE_IDENTIFIER = com.example.Bookworm;
				PRODUCT_NAME = "$(TARGET_NAME)";
				SWIFT_EMIT_LOC_STRINGS = YES;
				SWIFT_VERSION = 5.0;
				TARGETED_DEVICE_FAMILY = "1,2";
			};
			name = Debug;
		};
		004AE79F2AA16BBE00B1AA17 /* Release */ = {
			isa = XCBuildConfiguration;
			buildSettings = {
				ASSETCATALOG_COMPILER_APPICON_NAME = AppIcon;
				ASSETCATALOG_COMPILER_GLOBAL_ACCENT_COLOR_NAME = AccentColor;
				CODE_SIGN_STYLE = Automatic;
				CURRENT_PROJECT_VERSION = 1;
				DEVELOPMENT_ASSET_PATHS = "\"Bookworm/Preview Content\"";
				ENABLE_PREVIEWS = YES;
				GENERATE_INFOPLIST_FILE = YES;
				INFOPLIST_KEY_UIApplicationSceneManifest_Generation = YES;
				INFOPLIST_KEY_UIApplicationSupportsIndirectInputEvents = YES;
				INFOPLIST_KEY_UILaunchScreen_Generation = YES;
				INFOPLIST_KEY_UISupportedInterfaceOrientations_iPad = "UIInterfaceOrientationPortrait UIInterfaceOrientationPortraitUpsideDown UIInterfaceOrientationLandscapeLeft UIInterfaceOrientationLandscapeRight";
				INFOPLIST_KEY_UISupportedInterfaceOrientations_iPhone = "UIInterfaceOrientationPortrait UIInterfaceOrientationLandscapeLeft UIInterfaceOrientationLandscapeRight";
				LD_RUNPATH_SEARCH_PATHS = (
					"$(inherited)",
					"@executable_path/Frameworks",
				);
				MARKETING_VERSION = 1.0;
				PRODUCT_BUNDLE_IDENTIFIER = com.example.Bookworm;
				PRODUCT_NAME = "$(TARGET_NAME)";
				SWIFT_EMIT_LOC_STRINGS = YES;
				SWIFT_VERSION = 5.0;
				TARGETED_DEVICE_FAMILY = "1,2";
			};
			name = Release;
		};
/* End XCBuildConfiguration section */

/* Begin XCConfigurationList section */
		004AE78A2AA16BBD00B1AA17 /* Build configuration list for PBXProject "Bookworm" */ = {
			isa = XCConfigurationList;
			buildConfigurations = (
				004AE79B2AA16BBE00B1AA17 /* Debug */,
				004AE79C2AA16BBE00B1AA17 /* Release */,
			);
			defaultConfigurationIsVisible = 0;
			defaultConfigurationName = Release;
		};
		004AE79D2AA16BBE00B1AA17 /* Build configuration list for PBXNativeTarget "Bookworm" */ = {
			isa = XCConfigurationList;
			buildConfigurations = (
				004AE79E2AA16BBE00B1AA17 /* Debug */,
				004AE79F2AA16BBE00B1AA17 /* Release */,
			);
			defaultConfigurationIsVisible = 0;
			defaultConfigurationName = Release;
		};
/* End XCConfigurationList section */

/* Begin XCVersionGroup section */
		009E157A2AA2B4020079A692 /* Bookworm.xcdatamodeld */ = {
			isa = XCVersionGroup;
			children = (
				009E157B2AA2B4020079A692 /* Bookworm.xcdatamodel */,
			);
			currentVersion = 009E157B2AA2B4020079A692 /* Bookworm.xcdatamodel */;
			path = Bookworm.xcdatamodeld;
			sourceTree = "<group>";
			versionGroupType = wrapper.xcdatamodel;
		};
/* End XCVersionGroup section */
	};
	rootObject = 004AE7872AA16BBD00B1AA17 /* Project object */;
}
