// !$*UTF8*$!
{
	archiveVersion = 1;
	classes = {
	};
	objectVersion = 56;
	objects = {

/* Begin PBXBuildFile section */
		005F646B2A9427FF0089D3ED /* AppDelegate.swift in Sources */ = {isa = PBXBuildFile; fileRef = 005F646A2A9427FF0089D3ED /* AppDelegate.swift */; };
		005F646D2A9427FF0089D3ED /* SceneDelegate.swift in Sources */ = {isa = PBXBuildFile; fileRef = 005F646C2A9427FF0089D3ED /* SceneDelegate.swift */; };
		005F646F2A9427FF0089D3ED /* ViewController.swift in Sources */ = {isa = PBXBuildFile; fileRef = 005F646E2A9427FF0089D3ED /* ViewController.swift */; };
		005F64722A9427FF0089D3ED /* Main.storyboard in Resources */ = {isa = PBXBuildFile; fileRef = 005F64702A9427FF0089D3ED /* Main.storyboard */; };
		005F64742A9428000089D3ED /* Assets.xcassets in Resources */ = {isa = PBXBuildFile; fileRef = 005F64732A9428000089D3ED /* Assets.xcassets */; };
		005F64772A9428000089D3ED /* LaunchScreen.storyboard in Resources */ = {isa = PBXBuildFile; fileRef = 005F64752A9428000089D3ED /* LaunchScreen.storyboard */; };
		005F64842A9429C80089D3ED /* tay2.jpeg in Resources */ = {isa = PBXBuildFile; fileRef = 005F647F2A9429C80089D3ED /* tay2.jpeg */; };
		005F64852A9429C80089D3ED /* tay3.jpeg in Resources */ = {isa = PBXBuildFile; fileRef = 005F64802A9429C80089D3ED /* tay3.jpeg */; };
		005F64862A9429C80089D3ED /* tay4.jpeg in Resources */ = {isa = PBXBuildFile; fileRef = 005F64812A9429C80089D3ED /* tay4.jpeg */; };
		005F64872A9429C80089D3ED /* tay5.jpeg in Resources */ = {isa = PBXBuildFile; fileRef = 005F64822A9429C80089D3ED /* tay5.jpeg */; };
		005F64882A9429C80089D3ED /* tay1.jpeg in Resources */ = {isa = PBXBuildFile; fileRef = 005F64832A9429C80089D3ED /* tay1.jpeg */; };
/* End PBXBuildFile section */

/* Begin PBXFileReference section */
		005F64672A9427FF0089D3ED /* test-singleview.app */ = {isa = PBXFileReference; explicitFileType = wrapper.application; includeInIndex = 0; path = "test-singleview.app"; sourceTree = BUILT_PRODUCTS_DIR; };
		005F646A2A9427FF0089D3ED /* AppDelegate.swift */ = {isa = PBXFileReference; lastKnownFileType = sourcecode.swift; path = AppDelegate.swift; sourceTree = "<group>"; };
		005F646C2A9427FF0089D3ED /* SceneDelegate.swift */ = {isa = PBXFileReference; lastKnownFileType = sourcecode.swift; path = SceneDelegate.swift; sourceTree = "<group>"; };
		005F646E2A9427FF0089D3ED /* ViewController.swift */ = {isa = PBXFileReference; lastKnownFileType = sourcecode.swift; path = ViewController.swift; sourceTree = "<group>"; };
		005F64712A9427FF0089D3ED /* Base */ = {isa = PBXFileReference; lastKnownFileType = file.storyboard; name = Base; path = Base.lproj/Main.storyboard; sourceTree = "<group>"; };
		005F64732A9428000089D3ED /* Assets.xcassets */ = {isa = PBXFileReference; lastKnownFileType = folder.assetcatalog; path = Assets.xcassets; sourceTree = "<group>"; };
		005F64762A9428000089D3ED /* Base */ = {isa = PBXFileReference; lastKnownFileType = file.storyboard; name = Base; path = Base.lproj/LaunchScreen.storyboard; sourceTree = "<group>"; };
		005F64782A9428000089D3ED /* Info.plist */ = {isa = PBXFileReference; lastKnownFileType = text.plist.xml; path = Info.plist; sourceTree = "<group>"; };
		005F647F2A9429C80089D3ED /* tay2.jpeg */ = {isa = PBXFileReference; lastKnownFileType = image.jpeg; path = tay2.jpeg; sourceTree = "<group>"; };
		005F64802A9429C80089D3ED /* tay3.jpeg */ = {isa = PBXFileReference; lastKnownFileType = image.jpeg; path = tay3.jpeg; sourceTree = "<group>"; };
		005F64812A9429C80089D3ED /* tay4.jpeg */ = {isa = PBXFileReference; lastKnownFileType = image.jpeg; path = tay4.jpeg; sourceTree = "<group>"; };
		005F64822A9429C80089D3ED /* tay5.jpeg */ = {isa = PBXFileReference; lastKnownFileType = image.jpeg; path = tay5.jpeg; sourceTree = "<group>"; };
		005F64832A9429C80089D3ED /* tay1.jpeg */ = {isa = PBXFileReference; lastKnownFileType = image.jpeg; path = tay1.jpeg; sourceTree = "<group>"; };
/* End PBXFileReference section */

/* Begin PBXFrameworksBuildPhase section */
		005F64642A9427FF0089D3ED /* Frameworks */ = {
			isa = PBXFrameworksBuildPhase;
			buildActionMask = 2147483647;
			files = (
			);
			runOnlyForDeploymentPostprocessing = 0;
		};
/* End PBXFrameworksBuildPhase section */

/* Begin PBXGroup section */
		005F645E2A9427FF0089D3ED = {
			isa = PBXGroup;
			children = (
				005F64692A9427FF0089D3ED /* test-singleview */,
				005F64682A9427FF0089D3ED /* Products */,
			);
			sourceTree = "<group>";
		};
		005F64682A9427FF0089D3ED /* Products */ = {
			isa = PBXGroup;
			children = (
				005F64672A9427FF0089D3ED /* test-singleview.app */,
			);
			name = Products;
			sourceTree = "<group>";
		};
		005F64692A9427FF0089D3ED /* test-singleview */ = {
			isa = PBXGroup;
			children = (
				005F646A2A9427FF0089D3ED /* AppDelegate.swift */,
				005F646C2A9427FF0089D3ED /* SceneDelegate.swift */,
				005F646E2A9427FF0089D3ED /* ViewController.swift */,
				005F64702A9427FF0089D3ED /* Main.storyboard */,
				005F64732A9428000089D3ED /* Assets.xcassets */,
				005F64752A9428000089D3ED /* LaunchScreen.storyboard */,
				005F64782A9428000089D3ED /* Info.plist */,
				005F647E2A9429C80089D3ED /* storm-files */,
			);
			path = "test-singleview";
			sourceTree = "<group>";
		};
		005F647E2A9429C80089D3ED /* storm-files */ = {
			isa = PBXGroup;
			children = (
				005F647F2A9429C80089D3ED /* tay2.jpeg */,
				005F64802A9429C80089D3ED /* tay3.jpeg */,
				005F64812A9429C80089D3ED /* tay4.jpeg */,
				005F64822A9429C80089D3ED /* tay5.jpeg */,
				005F64832A9429C80089D3ED /* tay1.jpeg */,
			);
			path = "storm-files";
			sourceTree = "<group>";
		};
/* End PBXGroup section */

/* Begin PBXNativeTarget section */
		005F64662A9427FF0089D3ED /* test-singleview */ = {
			isa = PBXNativeTarget;
			buildConfigurationList = 005F647B2A9428000089D3ED /* Build configuration list for PBXNativeTarget "test-singleview" */;
			buildPhases = (
				005F64632A9427FF0089D3ED /* Sources */,
				005F64642A9427FF0089D3ED /* Frameworks */,
				005F64652A9427FF0089D3ED /* Resources */,
			);
			buildRules = (
			);
			dependencies = (
			);
			name = "test-singleview";
			productName = "test-singleview";
			productReference = 005F64672A9427FF0089D3ED /* test-singleview.app */;
			productType = "com.apple.product-type.application";
		};
/* End PBXNativeTarget section */

/* Begin PBXProject section */
		005F645F2A9427FF0089D3ED /* Project object */ = {
			isa = PBXProject;
			attributes = {
				BuildIndependentTargetsInParallel = 1;
				LastSwiftUpdateCheck = 1430;
				LastUpgradeCheck = 1430;
				TargetAttributes = {
					005F64662A9427FF0089D3ED = {
						CreatedOnToolsVersion = 14.3;
					};
				};
			};
			buildConfigurationList = 005F64622A9427FF0089D3ED /* Build configuration list for PBXProject "test-singleview" */;
			compatibilityVersion = "Xcode 14.0";
			developmentRegion = en;
			hasScannedForEncodings = 0;
			knownRegions = (
				en,
				Base,
			);
			mainGroup = 005F645E2A9427FF0089D3ED;
			productRefGroup = 005F64682A9427FF0089D3ED /* Products */;
			projectDirPath = "";
			projectRoot = "";
			targets = (
				005F64662A9427FF0089D3ED /* test-singleview */,
			);
		};
/* End PBXProject section */

/* Begin PBXResourcesBuildPhase section */
		005F64652A9427FF0089D3ED /* Resources */ = {
			isa = PBXResourcesBuildPhase;
			buildActionMask = 2147483647;
			files = (
				005F64872A9429C80089D3ED /* tay5.jpeg in Resources */,
				005F64852A9429C80089D3ED /* tay3.jpeg in Resources */,
				005F64772A9428000089D3ED /* LaunchScreen.storyboard in Resources */,
				005F64842A9429C80089D3ED /* tay2.jpeg in Resources */,
				005F64882A9429C80089D3ED /* tay1.jpeg in Resources */,
				005F64742A9428000089D3ED /* Assets.xcassets in Resources */,
				005F64722A9427FF0089D3ED /* Main.storyboard in Resources */,
				005F64862A9429C80089D3ED /* tay4.jpeg in Resources */,
			);
			runOnlyForDeploymentPostprocessing = 0;
		};
/* End PBXResourcesBuildPhase section */

/* Begin PBXSourcesBuildPhase section */
		005F64632A9427FF0089D3ED /* Sources */ = {
			isa = PBXSourcesBuildPhase;
			buildActionMask = 2147483647;
			files = (
				005F646F2A9427FF0089D3ED /* ViewController.swift in Sources */,
				005F646B2A9427FF0089D3ED /* AppDelegate.swift in Sources */,
				005F646D2A9427FF0089D3ED /* SceneDelegate.swift in Sources */,
			);
			runOnlyForDeploymentPostprocessing = 0;
		};
/* End PBXSourcesBuildPhase section */

/* Begin PBXVariantGroup section */
		005F64702A9427FF0089D3ED /* Main.storyboard */ = {
			isa = PBXVariantGroup;
			children = (
				005F64712A9427FF0089D3ED /* Base */,
			);
			name = Main.storyboard;
			sourceTree = "<group>";
		};
		005F64752A9428000089D3ED /* LaunchScreen.storyboard */ = {
			isa = PBXVariantGroup;
			children = (
				005F64762A9428000089D3ED /* Base */,
			);
			name = LaunchScreen.storyboard;
			sourceTree = "<group>";
		};
/* End PBXVariantGroup section */

/* Begin XCBuildConfiguration section */
		005F64792A9428000089D3ED /* Debug */ = {
			isa = XCBuildConfiguration;
			buildSettings = {
				ALWAYS_SEARCH_USER_PATHS = NO;
				CLANG_ANALYZER_NONNULL = YES;
				CLANG_ANALYZER_NUMBER_OBJECT_CONVERSION = YES_AGGRESSIVE;
				CLANG_CXX_LANGUAGE_STANDARD = "gnu++20";
				CLANG_ENABLE_MODULES = YES;
				CLANG_ENABLE_OBJC_ARC = YES;
				CLANG_ENABLE_OBJC_WEAK = YES;
				CLANG_WARN_BLOCK_CAPTURE_AUTORELEASING = YES;
				CLANG_WARN_BOOL_CONVERSION = YES;
				CLANG_WARN_COMMA = YES;
				CLANG_WARN_CONSTANT_CONVERSION = YES;
				CLANG_WARN_DEPRECATED_OBJC_IMPLEMENTATIONS = YES;
				CLANG_WARN_DIRECT_OBJC_ISA_USAGE = YES_ERROR;
				CLANG_WARN_DOCUMENTATION_COMMENTS = YES;
				CLANG_WARN_EMPTY_BODY = YES;
				CLANG_WARN_ENUM_CONVERSION = YES;
				CLANG_WARN_INFINITE_RECURSION = YES;
				CLANG_WARN_INT_CONVERSION = YES;
				CLANG_WARN_NON_LITERAL_NULL_CONVERSION = YES;
				CLANG_WARN_OBJC_IMPLICIT_RETAIN_SELF = YES;
				CLANG_WARN_OBJC_LITERAL_CONVERSION = YES;
				CLANG_WARN_OBJC_ROOT_CLASS = YES_ERROR;
				CLANG_WARN_QUOTED_INCLUDE_IN_FRAMEWORK_HEADER = YES;
				CLANG_WARN_RANGE_LOOP_ANALYSIS = YES;
				CLANG_WARN_STRICT_PROTOTYPES = YES;
				CLANG_WARN_SUSPICIOUS_MOVE = YES;
				CLANG_WARN_UNGUARDED_AVAILABILITY = YES_AGGRESSIVE;
				CLANG_WARN_UNREACHABLE_CODE = YES;
				CLANG_WARN__DUPLICATE_METHOD_MATCH = YES;
				COPY_PHASE_STRIP = NO;
				DEBUG_INFORMATION_FORMAT = dwarf;
				ENABLE_STRICT_OBJC_MSGSEND = YES;
				ENABLE_TESTABILITY = YES;
				GCC_C_LANGUAGE_STANDARD = gnu11;
				GCC_DYNAMIC_NO_PIC = NO;
				GCC_NO_COMMON_BLOCKS = YES;
				GCC_OPTIMIZATION_LEVEL = 0;
				GCC_PREPROCESSOR_DEFINITIONS = (
					"DEBUG=1",
					"$(inherited)",
				);
				GCC_WARN_64_TO_32_BIT_CONVERSION = YES;
				GCC_WARN_ABOUT_RETURN_TYPE = YES_ERROR;
				GCC_WARN_UNDECLARED_SELECTOR = YES;
				GCC_WARN_UNINITIALIZED_AUTOS = YES_AGGRESSIVE;
				GCC_WARN_UNUSED_FUNCTION = YES;
				GCC_WARN_UNUSED_VARIABLE = YES;
				IPHONEOS_DEPLOYMENT_TARGET = 16.4;
				MTL_ENABLE_DEBUG_INFO = INCLUDE_SOURCE;
				MTL_FAST_MATH = YES;
				ONLY_ACTIVE_ARCH = YES;
				SDKROOT = iphoneos;
				SWIFT_ACTIVE_COMPILATION_CONDITIONS = DEBUG;
				SWIFT_OPTIMIZATION_LEVEL = "-Onone";
			};
			name = Debug;
		};
		005F647A2A9428000089D3ED /* Release */ = {
			isa = XCBuildConfiguration;
			buildSettings = {
				ALWAYS_SEARCH_USER_PATHS = NO;
				CLANG_ANALYZER_NONNULL = YES;
				CLANG_ANALYZER_NUMBER_OBJECT_CONVERSION = YES_AGGRESSIVE;
				CLANG_CXX_LANGUAGE_STANDARD = "gnu++20";
				CLANG_ENABLE_MODULES = YES;
				CLANG_ENABLE_OBJC_ARC = YES;
				CLANG_ENABLE_OBJC_WEAK = YES;
				CLANG_WARN_BLOCK_CAPTURE_AUTORELEASING = YES;
				CLANG_WARN_BOOL_CONVERSION = YES;
				CLANG_WARN_COMMA = YES;
				CLANG_WARN_CONSTANT_CONVERSION = YES;
				CLANG_WARN_DEPRECATED_OBJC_IMPLEMENTATIONS = YES;
				CLANG_WARN_DIRECT_OBJC_ISA_USAGE = YES_ERROR;
				CLANG_WARN_DOCUMENTATION_COMMENTS = YES;
				CLANG_WARN_EMPTY_BODY = YES;
				CLANG_WARN_ENUM_CONVERSION = YES;
				CLANG_WARN_INFINITE_RECURSION = YES;
				CLANG_WARN_INT_CONVERSION = YES;
				CLANG_WARN_NON_LITERAL_NULL_CONVERSION = YES;
				CLANG_WARN_OBJC_IMPLICIT_RETAIN_SELF = YES;
				CLANG_WARN_OBJC_LITERAL_CONVERSION = YES;
				CLANG_WARN_OBJC_ROOT_CLASS = YES_ERROR;
				CLANG_WARN_QUOTED_INCLUDE_IN_FRAMEWORK_HEADER = YES;
				CLANG_WARN_RANGE_LOOP_ANALYSIS = YES;
				CLANG_WARN_STRICT_PROTOTYPES = YES;
				CLANG_WARN_SUSPICIOUS_MOVE = YES;
				CLANG_WARN_UNGUARDED_AVAILABILITY = YES_AGGRESSIVE;
				CLANG_WARN_UNREACHABLE_CODE = YES;
				CLANG_WARN__DUPLICATE_METHOD_MATCH = YES;
				COPY_PHASE_STRIP = NO;
				DEBUG_INFORMATION_FORMAT = "dwarf-with-dsym";
				ENABLE_NS_ASSERTIONS = NO;
				ENABLE_STRICT_OBJC_MSGSEND = YES;
				GCC_C_LANGUAGE_STANDARD = gnu11;
				GCC_NO_COMMON_BLOCKS = YES;
				GCC_WARN_64_TO_32_BIT_CONVERSION = YES;
				GCC_WARN_ABOUT_RETURN_TYPE = YES_ERROR;
				GCC_WARN_UNDECLARED_SELECTOR = YES;
				GCC_WARN_UNINITIALIZED_AUTOS = YES_AGGRESSIVE;
				GCC_WARN_UNUSED_FUNCTION = YES;
				GCC_WARN_UNUSED_VARIABLE = YES;
				IPHONEOS_DEPLOYMENT_TARGET = 16.4;
				MTL_ENABLE_DEBUG_INFO = NO;
				MTL_FAST_MATH = YES;
				SDKROOT = iphoneos;
				SWIFT_COMPILATION_MODE = wholemodule;
				SWIFT_OPTIMIZATION_LEVEL = "-O";
				VALIDATE_PRODUCT = YES;
			};
			name = Release;
		};
		005F647C2A9428000089D3ED /* Debug */ = {
			isa = XCBuildConfiguration;
			buildSettings = {
				ASSETCATALOG_COMPILER_APPICON_NAME = AppIcon;
				ASSETCATALOG_COMPILER_GLOBAL_ACCENT_COLOR_NAME = AccentColor;
				CODE_SIGN_STYLE = Automatic;
				CURRENT_PROJECT_VERSION = 1;
				GENERATE_INFOPLIST_FILE = YES;
				INFOPLIST_FILE = "test-singleview/Info.plist";
				INFOPLIST_KEY_UIApplicationSupportsIndirectInputEvents = YES;
				INFOPLIST_KEY_UILaunchStoryboardName = LaunchScreen;
				INFOPLIST_KEY_UIMainStoryboardFile = Main;
				INFOPLIST_KEY_UISupportedInterfaceOrientations_iPad = "UIInterfaceOrientationPortrait UIInterfaceOrientationPortraitUpsideDown UIInterfaceOrientationLandscapeLeft UIInterfaceOrientationLandscapeRight";
				INFOPLIST_KEY_UISupportedInterfaceOrientations_iPhone = "UIInterfaceOrientationPortrait UIInterfaceOrientationLandscapeLeft UIInterfaceOrientationLandscapeRight";
				LD_RUNPATH_SEARCH_PATHS = (
					"$(inherited)",
					"@executable_path/Frameworks",
				);
				MARKETING_VERSION = 1.0;
				PRODUCT_BUNDLE_IDENTIFIER = "com.example.test-singleview";
				PRODUCT_NAME = "$(TARGET_NAME)";
				SWIFT_EMIT_LOC_STRINGS = YES;
				SWIFT_VERSION = 5.0;
				TARGETED_DEVICE_FAMILY = "1,2";
			};
			name = Debug;
		};
		005F647D2A9428000089D3ED /* Release */ = {
			isa = XCBuildConfiguration;
			buildSettings = {
				ASSETCATALOG_COMPILER_APPICON_NAME = AppIcon;
				ASSETCATALOG_COMPILER_GLOBAL_ACCENT_COLOR_NAME = AccentColor;
				CODE_SIGN_STYLE = Automatic;
				CURRENT_PROJECT_VERSION = 1;
				GENERATE_INFOPLIST_FILE = YES;
				INFOPLIST_FILE = "test-singleview/Info.plist";
				INFOPLIST_KEY_UIApplicationSupportsIndirectInputEvents = YES;
				INFOPLIST_KEY_UILaunchStoryboardName = LaunchScreen;
				INFOPLIST_KEY_UIMainStoryboardFile = Main;
				INFOPLIST_KEY_UISupportedInterfaceOrientations_iPad = "UIInterfaceOrientationPortrait UIInterfaceOrientationPortraitUpsideDown UIInterfaceOrientationLandscapeLeft UIInterfaceOrientationLandscapeRight";
				INFOPLIST_KEY_UISupportedInterfaceOrientations_iPhone = "UIInterfaceOrientationPortrait UIInterfaceOrientationLandscapeLeft UIInterfaceOrientationLandscapeRight";
				LD_RUNPATH_SEARCH_PATHS = (
					"$(inherited)",
					"@executable_path/Frameworks",
				);
				MARKETING_VERSION = 1.0;
				PRODUCT_BUNDLE_IDENTIFIER = "com.example.test-singleview";
				PRODUCT_NAME = "$(TARGET_NAME)";
				SWIFT_EMIT_LOC_STRINGS = YES;
				SWIFT_VERSION = 5.0;
				TARGETED_DEVICE_FAMILY = "1,2";
			};
			name = Release;
		};
/* End XCBuildConfiguration section */

/* Begin XCConfigurationList section */
		005F64622A9427FF0089D3ED /* Build configuration list for PBXProject "test-singleview" */ = {
			isa = XCConfigurationList;
			buildConfigurations = (
				005F64792A9428000089D3ED /* Debug */,
				005F647A2A9428000089D3ED /* Release */,
			);
			defaultConfigurationIsVisible = 0;
			defaultConfigurationName = Release;
		};
		005F647B2A9428000089D3ED /* Build configuration list for PBXNativeTarget "test-singleview" */ = {
			isa = XCConfigurationList;
			buildConfigurations = (
				005F647C2A9428000089D3ED /* Debug */,
				005F647D2A9428000089D3ED /* Release */,
			);
			defaultConfigurationIsVisible = 0;
			defaultConfigurationName = Release;
		};
/* End XCConfigurationList section */
	};
	rootObject = 005F645F2A9427FF0089D3ED /* Project object */;
}
