// !$*UTF8*$!
{
	archiveVersion = 1;
	classes = {
	};
	objectVersion = 56;
	objects = {

/* Begin PBXBuildFile section */
		00AD6A302AACF69900CB607C /* ShipsView.swift in Sources */ = {isa = PBXBuildFile; fileRef = 00AD6A2F2AACF69900CB607C /* ShipsView.swift */; };
		00AD6A322AACF6ED00CB607C /* WizardsView.swift in Sources */ = {isa = PBXBuildFile; fileRef = 00AD6A312AACF6ED00CB607C /* WizardsView.swift */; };
		00AD6A342AAD03FE00CB607C /* ShipsContentView.swift in Sources */ = {isa = PBXBuildFile; fileRef = 00AD6A332AAD03FE00CB607C /* ShipsContentView.swift */; };
		00AD6A362AAD593500CB607C /* Songs.swift in Sources */ = {isa = PBXBuildFile; fileRef = 00AD6A352AAD593500CB607C /* Songs.swift */; };
		00C71B282AABD4B000A5485A /* CoreDataProjectApp.swift in Sources */ = {isa = PBXBuildFile; fileRef = 00C71B272AABD4B000A5485A /* CoreDataProjectApp.swift */; };
		00C71B2A2AABD4B000A5485A /* ContentView.swift in Sources */ = {isa = PBXBuildFile; fileRef = 00C71B292AABD4B000A5485A /* ContentView.swift */; };
		00C71B2C2AABD4B200A5485A /* Assets.xcassets in Resources */ = {isa = PBXBuildFile; fileRef = 00C71B2B2AABD4B200A5485A /* Assets.xcassets */; };
		00C71B2F2AABD4B200A5485A /* Preview Assets.xcassets in Resources */ = {isa = PBXBuildFile; fileRef = 00C71B2E2AABD4B200A5485A /* Preview Assets.xcassets */; };
		00C71B362AABD4E000A5485A /* DataController.swift in Sources */ = {isa = PBXBuildFile; fileRef = 00C71B352AABD4E000A5485A /* DataController.swift */; };
		00C71B432AACE2D900A5485A /* CoreDataProject.xcdatamodeld in Sources */ = {isa = PBXBuildFile; fileRef = 00C71B412AACE2D900A5485A /* CoreDataProject.xcdatamodeld */; };
/* End PBXBuildFile section */

/* Begin PBXFileReference section */
		00AD6A2F2AACF69900CB607C /* ShipsView.swift */ = {isa = PBXFileReference; lastKnownFileType = sourcecode.swift; path = ShipsView.swift; sourceTree = "<group>"; };
		00AD6A312AACF6ED00CB607C /* WizardsView.swift */ = {isa = PBXFileReference; lastKnownFileType = sourcecode.swift; path = WizardsView.swift; sourceTree = "<group>"; };
		00AD6A332AAD03FE00CB607C /* ShipsContentView.swift */ = {isa = PBXFileReference; lastKnownFileType = sourcecode.swift; path = ShipsContentView.swift; sourceTree = "<group>"; };
		00AD6A352AAD593500CB607C /* Songs.swift */ = {isa = PBXFileReference; lastKnownFileType = sourcecode.swift; path = Songs.swift; sourceTree = "<group>"; };
		00C71B242AABD4B000A5485A /* CoreDataProject.app */ = {isa = PBXFileReference; explicitFileType = wrapper.application; includeInIndex = 0; path = CoreDataProject.app; sourceTree = BUILT_PRODUCTS_DIR; };
		00C71B272AABD4B000A5485A /* CoreDataProjectApp.swift */ = {isa = PBXFileReference; lastKnownFileType = sourcecode.swift; path = CoreDataProjectApp.swift; sourceTree = "<group>"; };
		00C71B292AABD4B000A5485A /* ContentView.swift */ = {isa = PBXFileReference; lastKnownFileType = sourcecode.swift; path = ContentView.swift; sourceTree = "<group>"; };
		00C71B2B2AABD4B200A5485A /* Assets.xcassets */ = {isa = PBXFileReference; lastKnownFileType = folder.assetcatalog; path = Assets.xcassets; sourceTree = "<group>"; };
		00C71B2E2AABD4B200A5485A /* Preview Assets.xcassets */ = {isa = PBXFileReference; lastKnownFileType = folder.assetcatalog; path = "Preview Assets.xcassets"; sourceTree = "<group>"; };
		00C71B352AABD4E000A5485A /* DataController.swift */ = {isa = PBXFileReference; lastKnownFileType = sourcecode.swift; path = DataController.swift; sourceTree = "<group>"; };
		00C71B422AACE2D900A5485A /* CoreDataProject.xcdatamodel */ = {isa = PBXFileReference; lastKnownFileType = wrapper.xcdatamodel; path = CoreDataProject.xcdatamodel; sourceTree = "<group>"; };
/* End PBXFileReference section */

/* Begin PBXFrameworksBuildPhase section */
		00C71B212AABD4B000A5485A /* Frameworks */ = {
			isa = PBXFrameworksBuildPhase;
			buildActionMask = 2147483647;
			files = (
			);
			runOnlyForDeploymentPostprocessing = 0;
		};
/* End PBXFrameworksBuildPhase section */

/* Begin PBXGroup section */
		00C71B1B2AABD4B000A5485A = {
			isa = PBXGroup;
			children = (
				00C71B262AABD4B000A5485A /* CoreDataProject */,
				00C71B252AABD4B000A5485A /* Products */,
			);
			sourceTree = "<group>";
		};
		00C71B252AABD4B000A5485A /* Products */ = {
			isa = PBXGroup;
			children = (
				00C71B242AABD4B000A5485A /* CoreDataProject.app */,
			);
			name = Products;
			sourceTree = "<group>";
		};
		00C71B262AABD4B000A5485A /* CoreDataProject */ = {
			isa = PBXGroup;
			children = (
				00C71B272AABD4B000A5485A /* CoreDataProjectApp.swift */,
				00C71B292AABD4B000A5485A /* ContentView.swift */,
				00AD6A312AACF6ED00CB607C /* WizardsView.swift */,
				00AD6A352AAD593500CB607C /* Songs.swift */,
				00AD6A2F2AACF69900CB607C /* ShipsView.swift */,
				00AD6A332AAD03FE00CB607C /* ShipsContentView.swift */,
				00C71B352AABD4E000A5485A /* DataController.swift */,
				00C71B412AACE2D900A5485A /* CoreDataProject.xcdatamodeld */,
				00C71B2B2AABD4B200A5485A /* Assets.xcassets */,
				00C71B2D2AABD4B200A5485A /* Preview Content */,
			);
			path = CoreDataProject;
			sourceTree = "<group>";
		};
		00C71B2D2AABD4B200A5485A /* Preview Content */ = {
			isa = PBXGroup;
			children = (
				00C71B2E2AABD4B200A5485A /* Preview Assets.xcassets */,
			);
			path = "Preview Content";
			sourceTree = "<group>";
		};
/* End PBXGroup section */

/* Begin PBXNativeTarget section */
		00C71B232AABD4B000A5485A /* CoreDataProject */ = {
			isa = PBXNativeTarget;
			buildConfigurationList = 00C71B322AABD4B200A5485A /* Build configuration list for PBXNativeTarget "CoreDataProject" */;
			buildPhases = (
				00C71B202AABD4B000A5485A /* Sources */,
				00C71B212AABD4B000A5485A /* Frameworks */,
				00C71B222AABD4B000A5485A /* Resources */,
			);
			buildRules = (
			);
			dependencies = (
			);
			name = CoreDataProject;
			productName = CoreDataProject;
			productReference = 00C71B242AABD4B000A5485A /* CoreDataProject.app */;
			productType = "com.apple.product-type.application";
		};
/* End PBXNativeTarget section */

/* Begin PBXProject section */
		00C71B1C2AABD4B000A5485A /* Project object */ = {
			isa = PBXProject;
			attributes = {
				BuildIndependentTargetsInParallel = 1;
				LastSwiftUpdateCheck = 1430;
				LastUpgradeCheck = 1430;
				TargetAttributes = {
					00C71B232AABD4B000A5485A = {
						CreatedOnToolsVersion = 14.3;
					};
				};
			};
			buildConfigurationList = 00C71B1F2AABD4B000A5485A /* Build configuration list for PBXProject "CoreDataProject" */;
			compatibilityVersion = "Xcode 14.0";
			developmentRegion = en;
			hasScannedForEncodings = 0;
			knownRegions = (
				en,
				Base,
			);
			mainGroup = 00C71B1B2AABD4B000A5485A;
			productRefGroup = 00C71B252AABD4B000A5485A /* Products */;
			projectDirPath = "";
			projectRoot = "";
			targets = (
				00C71B232AABD4B000A5485A /* CoreDataProject */,
			);
		};
/* End PBXProject section */

/* Begin PBXResourcesBuildPhase section */
		00C71B222AABD4B000A5485A /* Resources */ = {
			isa = PBXResourcesBuildPhase;
			buildActionMask = 2147483647;
			files = (
				00C71B2F2AABD4B200A5485A /* Preview Assets.xcassets in Resources */,
				00C71B2C2AABD4B200A5485A /* Assets.xcassets in Resources */,
			);
			runOnlyForDeploymentPostprocessing = 0;
		};
/* End PBXResourcesBuildPhase section */

/* Begin PBXSourcesBuildPhase section */
		00C71B202AABD4B000A5485A /* Sources */ = {
			isa = PBXSourcesBuildPhase;
			buildActionMask = 2147483647;
			files = (
				00C71B2A2AABD4B000A5485A /* ContentView.swift in Sources */,
				00AD6A362AAD593500CB607C /* Songs.swift in Sources */,
				00C71B362AABD4E000A5485A /* DataController.swift in Sources */,
				00AD6A302AACF69900CB607C /* ShipsView.swift in Sources */,
				00AD6A322AACF6ED00CB607C /* WizardsView.swift in Sources */,
				00C71B432AACE2D900A5485A /* CoreDataProject.xcdatamodeld in Sources */,
				00C71B282AABD4B000A5485A /* CoreDataProjectApp.swift in Sources */,
				00AD6A342AAD03FE00CB607C /* ShipsContentView.swift in Sources */,
			);
			runOnlyForDeploymentPostprocessing = 0;
		};
/* End PBXSourcesBuildPhase section */

/* Begin XCBuildConfiguration section */
		00C71B302AABD4B200A5485A /* Debug */ = {
			isa = XCBuildConfiguration;
			buildSettings = {
				ALWAYS_SEARCH_USER_PATHS = NO;
				CLANG_ANALYZER_NONNULL = YES;
				CLANG_ANALYZER_NUMBER_OBJECT_CONVERSION = YES_AGGRESSIVE;
				CLANG_CXX_LANGUAGE_STANDARD = "gnu++20";
				CLANG_ENABLE_MODULES = YES;
				CLANG_ENABLE_OBJC_ARC = YES;
				CLANG_ENABLE_OBJC_WEAK = YES;
				CLANG_WARN_BLOCK_CAPTURE_AUTORELEASING = YES;
				CLANG_WARN_BOOL_CONVERSION = YES;
				CLANG_WARN_COMMA = YES;
				CLANG_WARN_CONSTANT_CONVERSION = YES;
				CLANG_WARN_DEPRECATED_OBJC_IMPLEMENTATIONS = YES;
				CLANG_WARN_DIRECT_OBJC_ISA_USAGE = YES_ERROR;
				CLANG_WARN_DOCUMENTATION_COMMENTS = YES;
				CLANG_WARN_EMPTY_BODY = YES;
				CLANG_WARN_ENUM_CONVERSION = YES;
				CLANG_WARN_INFINITE_RECURSION = YES;
				CLANG_WARN_INT_CONVERSION = YES;
				CLANG_WARN_NON_LITERAL_NULL_CONVERSION = YES;
				CLANG_WARN_OBJC_IMPLICIT_RETAIN_SELF = YES;
				CLANG_WARN_OBJC_LITERAL_CONVERSION = YES;
				CLANG_WARN_OBJC_ROOT_CLASS = YES_ERROR;
				CLANG_WARN_QUOTED_INCLUDE_IN_FRAMEWORK_HEADER = YES;
				CLANG_WARN_RANGE_LOOP_ANALYSIS = YES;
				CLANG_WARN_STRICT_PROTOTYPES = YES;
				CLANG_WARN_SUSPICIOUS_MOVE = YES;
				CLANG_WARN_UNGUARDED_AVAILABILITY = YES_AGGRESSIVE;
				CLANG_WARN_UNREACHABLE_CODE = YES;
				CLANG_WARN__DUPLICATE_METHOD_MATCH = YES;
				COPY_PHASE_STRIP = NO;
				DEBUG_INFORMATION_FORMAT = dwarf;
				ENABLE_STRICT_OBJC_MSGSEND = YES;
				ENABLE_TESTABILITY = YES;
				GCC_C_LANGUAGE_STANDARD = gnu11;
				GCC_DYNAMIC_NO_PIC = NO;
				GCC_NO_COMMON_BLOCKS = YES;
				GCC_OPTIMIZATION_LEVEL = 0;
				GCC_PREPROCESSOR_DEFINITIONS = (
					"DEBUG=1",
					"$(inherited)",
				);
				GCC_WARN_64_TO_32_BIT_CONVERSION = YES;
				GCC_WARN_ABOUT_RETURN_TYPE = YES_ERROR;
				GCC_WARN_UNDECLARED_SELECTOR = YES;
				GCC_WARN_UNINITIALIZED_AUTOS = YES_AGGRESSIVE;
				GCC_WARN_UNUSED_FUNCTION = YES;
				GCC_WARN_UNUSED_VARIABLE = YES;
				IPHONEOS_DEPLOYMENT_TARGET = 16.4;
				MTL_ENABLE_DEBUG_INFO = INCLUDE_SOURCE;
				MTL_FAST_MATH = YES;
				ONLY_ACTIVE_ARCH = YES;
				SDKROOT = iphoneos;
				SWIFT_ACTIVE_COMPILATION_CONDITIONS = DEBUG;
				SWIFT_OPTIMIZATION_LEVEL = "-Onone";
			};
			name = Debug;
		};
		00C71B312AABD4B200A5485A /* Release */ = {
			isa = XCBuildConfiguration;
			buildSettings = {
				ALWAYS_SEARCH_USER_PATHS = NO;
				CLANG_ANALYZER_NONNULL = YES;
				CLANG_ANALYZER_NUMBER_OBJECT_CONVERSION = YES_AGGRESSIVE;
				CLANG_CXX_LANGUAGE_STANDARD = "gnu++20";
				CLANG_ENABLE_MODULES = YES;
				CLANG_ENABLE_OBJC_ARC = YES;
				CLANG_ENABLE_OBJC_WEAK = YES;
				CLANG_WARN_BLOCK_CAPTURE_AUTORELEASING = YES;
				CLANG_WARN_BOOL_CONVERSION = YES;
				CLANG_WARN_COMMA = YES;
				CLANG_WARN_CONSTANT_CONVERSION = YES;
				CLANG_WARN_DEPRECATED_OBJC_IMPLEMENTATIONS = YES;
				CLANG_WARN_DIRECT_OBJC_ISA_USAGE = YES_ERROR;
				CLANG_WARN_DOCUMENTATION_COMMENTS = YES;
				CLANG_WARN_EMPTY_BODY = YES;
				CLANG_WARN_ENUM_CONVERSION = YES;
				CLANG_WARN_INFINITE_RECURSION = YES;
				CLANG_WARN_INT_CONVERSION = YES;
				CLANG_WARN_NON_LITERAL_NULL_CONVERSION = YES;
				CLANG_WARN_OBJC_IMPLICIT_RETAIN_SELF = YES;
				CLANG_WARN_OBJC_LITERAL_CONVERSION = YES;
				CLANG_WARN_OBJC_ROOT_CLASS = YES_ERROR;
				CLANG_WARN_QUOTED_INCLUDE_IN_FRAMEWORK_HEADER = YES;
				CLANG_WARN_RANGE_LOOP_ANALYSIS = YES;
				CLANG_WARN_STRICT_PROTOTYPES = YES;
				CLANG_WARN_SUSPICIOUS_MOVE = YES;
				CLANG_WARN_UNGUARDED_AVAILABILITY = YES_AGGRESSIVE;
				CLANG_WARN_UNREACHABLE_CODE = YES;
				CLANG_WARN__DUPLICATE_METHOD_MATCH = YES;
				COPY_PHASE_STRIP = NO;
				DEBUG_INFORMATION_FORMAT = "dwarf-with-dsym";
				ENABLE_NS_ASSERTIONS = NO;
				ENABLE_STRICT_OBJC_MSGSEND = YES;
				GCC_C_LANGUAGE_STANDARD = gnu11;
				GCC_NO_COMMON_BLOCKS = YES;
				GCC_WARN_64_TO_32_BIT_CONVERSION = YES;
				GCC_WARN_ABOUT_RETURN_TYPE = YES_ERROR;
				GCC_WARN_UNDECLARED_SELECTOR = YES;
				GCC_WARN_UNINITIALIZED_AUTOS = YES_AGGRESSIVE;
				GCC_WARN_UNUSED_FUNCTION = YES;
				GCC_WARN_UNUSED_VARIABLE = YES;
				IPHONEOS_DEPLOYMENT_TARGET = 16.4;
				MTL_ENABLE_DEBUG_INFO = NO;
				MTL_FAST_MATH = YES;
				SDKROOT = iphoneos;
				SWIFT_COMPILATION_MODE = wholemodule;
				SWIFT_OPTIMIZATION_LEVEL = "-O";
				VALIDATE_PRODUCT = YES;
			};
			name = Release;
		};
		00C71B332AABD4B200A5485A /* Debug */ = {
			isa = XCBuildConfiguration;
			buildSettings = {
				ASSETCATALOG_COMPILER_APPICON_NAME = AppIcon;
				ASSETCATALOG_COMPILER_GLOBAL_ACCENT_COLOR_NAME = AccentColor;
				CODE_SIGN_STYLE = Automatic;
				CURRENT_PROJECT_VERSION = 1;
				DEVELOPMENT_ASSET_PATHS = "\"CoreDataProject/Preview Content\"";
				ENABLE_PREVIEWS = YES;
				GENERATE_INFOPLIST_FILE = YES;
				INFOPLIST_KEY_UIApplicationSceneManifest_Generation = YES;
				INFOPLIST_KEY_UIApplicationSupportsIndirectInputEvents = YES;
				INFOPLIST_KEY_UILaunchScreen_Generation = YES;
				INFOPLIST_KEY_UISupportedInterfaceOrientations_iPad = "UIInterfaceOrientationPortrait UIInterfaceOrientationPortraitUpsideDown UIInterfaceOrientationLandscapeLeft UIInterfaceOrientationLandscapeRight";
				INFOPLIST_KEY_UISupportedInterfaceOrientations_iPhone = "UIInterfaceOrientationPortrait UIInterfaceOrientationLandscapeLeft UIInterfaceOrientationLandscapeRight";
				LD_RUNPATH_SEARCH_PATHS = (
					"$(inherited)",
					"@executable_path/Frameworks",
				);
				MARKETING_VERSION = 1.0;
				PRODUCT_BUNDLE_IDENTIFIER = com.example.CoreDataProject;
				PRODUCT_NAME = "$(TARGET_NAME)";
				SWIFT_EMIT_LOC_STRINGS = YES;
				SWIFT_VERSION = 5.0;
				TARGETED_DEVICE_FAMILY = "1,2";
			};
			name = Debug;
		};
		00C71B342AABD4B200A5485A /* Release */ = {
			isa = XCBuildConfiguration;
			buildSettings = {
				ASSETCATALOG_COMPILER_APPICON_NAME = AppIcon;
				ASSETCATALOG_COMPILER_GLOBAL_ACCENT_COLOR_NAME = AccentColor;
				CODE_SIGN_STYLE = Automatic;
				CURRENT_PROJECT_VERSION = 1;
				DEVELOPMENT_ASSET_PATHS = "\"CoreDataProject/Preview Content\"";
				ENABLE_PREVIEWS = YES;
				GENERATE_INFOPLIST_FILE = YES;
				INFOPLIST_KEY_UIApplicationSceneManifest_Generation = YES;
				INFOPLIST_KEY_UIApplicationSupportsIndirectInputEvents = YES;
				INFOPLIST_KEY_UILaunchScreen_Generation = YES;
				INFOPLIST_KEY_UISupportedInterfaceOrientations_iPad = "UIInterfaceOrientationPortrait UIInterfaceOrientationPortraitUpsideDown UIInterfaceOrientationLandscapeLeft UIInterfaceOrientationLandscapeRight";
				INFOPLIST_KEY_UISupportedInterfaceOrientations_iPhone = "UIInterfaceOrientationPortrait UIInterfaceOrientationLandscapeLeft UIInterfaceOrientationLandscapeRight";
				LD_RUNPATH_SEARCH_PATHS = (
					"$(inherited)",
					"@executable_path/Frameworks",
				);
				MARKETING_VERSION = 1.0;
				PRODUCT_BUNDLE_IDENTIFIER = com.example.CoreDataProject;
				PRODUCT_NAME = "$(TARGET_NAME)";
				SWIFT_EMIT_LOC_STRINGS = YES;
				SWIFT_VERSION = 5.0;
				TARGETED_DEVICE_FAMILY = "1,2";
			};
			name = Release;
		};
/* End XCBuildConfiguration section */

/* Begin XCConfigurationList section */
		00C71B1F2AABD4B000A5485A /* Build configuration list for PBXProject "CoreDataProject" */ = {
			isa = XCConfigurationList;
			buildConfigurations = (
				00C71B302AABD4B200A5485A /* Debug */,
				00C71B312AABD4B200A5485A /* Release */,
			);
			defaultConfigurationIsVisible = 0;
			defaultConfigurationName = Release;
		};
		00C71B322AABD4B200A5485A /* Build configuration list for PBXNativeTarget "CoreDataProject" */ = {
			isa = XCConfigurationList;
			buildConfigurations = (
				00C71B332AABD4B200A5485A /* Debug */,
				00C71B342AABD4B200A5485A /* Release */,
			);
			defaultConfigurationIsVisible = 0;
			defaultConfigurationName = Release;
		};
/* End XCConfigurationList section */

/* Begin XCVersionGroup section */
		00C71B412AACE2D900A5485A /* CoreDataProject.xcdatamodeld */ = {
			isa = XCVersionGroup;
			children = (
				00C71B422AACE2D900A5485A /* CoreDataProject.xcdatamodel */,
			);
			currentVersion = 00C71B422AACE2D900A5485A /* CoreDataProject.xcdatamodel */;
			path = CoreDataProject.xcdatamodeld;
			sourceTree = "<group>";
			versionGroupType = wrapper.xcdatamodel;
		};
/* End XCVersionGroup section */
	};
	rootObject = 00C71B1C2AABD4B000A5485A /* Project object */;
}
