// !$*UTF8*$!
{
	archiveVersion = 1;
	classes = {
	};
	objectVersion = 56;
	objects = {

/* Begin PBXBuildFile section */
		004712222AB2139300F5F4F1 /* DataRepo.xcdatamodeld in Sources */ = {isa = PBXBuildFile; fileRef = 004712202AB2139300F5F4F1 /* DataRepo.xcdatamodeld */; };
		004712242AB2253200F5F4F1 /* CoreImagePlay.swift in Sources */ = {isa = PBXBuildFile; fileRef = 004712232AB2253200F5F4F1 /* CoreImagePlay.swift */; };
		004712262AB23D4700F5F4F1 /* SwiftUIView.swift in Sources */ = {isa = PBXBuildFile; fileRef = 004712252AB23D4700F5F4F1 /* SwiftUIView.swift */; };
		004712282AB23E5200F5F4F1 /* ImagePicker.swift in Sources */ = {isa = PBXBuildFile; fileRef = 004712272AB23E5200F5F4F1 /* ImagePicker.swift */; };
		0047122A2AB26BB900F5F4F1 /* CountdownTimer.swift in Sources */ = {isa = PBXBuildFile; fileRef = 004712292AB26BB900F5F4F1 /* CountdownTimer.swift */; };
		0047122C2AB26C7E00F5F4F1 /* TimerTest.swift in Sources */ = {isa = PBXBuildFile; fileRef = 0047122B2AB26C7E00F5F4F1 /* TimerTest.swift */; };
		005868F62AB1872300CBFF5C /* InstafilterApp.swift in Sources */ = {isa = PBXBuildFile; fileRef = 005868F52AB1872300CBFF5C /* InstafilterApp.swift */; };
		005868F82AB1872300CBFF5C /* ContentView.swift in Sources */ = {isa = PBXBuildFile; fileRef = 005868F72AB1872300CBFF5C /* ContentView.swift */; };
		005868FA2AB1872400CBFF5C /* Assets.xcassets in Resources */ = {isa = PBXBuildFile; fileRef = 005868F92AB1872400CBFF5C /* Assets.xcassets */; };
		005868FD2AB1872400CBFF5C /* Preview Assets.xcassets in Resources */ = {isa = PBXBuildFile; fileRef = 005868FC2AB1872400CBFF5C /* Preview Assets.xcassets */; };
		005869042AB1917400CBFF5C /* AlbumDetailView.swift in Sources */ = {isa = PBXBuildFile; fileRef = 005869032AB1917400CBFF5C /* AlbumDetailView.swift */; };
/* End PBXBuildFile section */

/* Begin PBXFileReference section */
		004712212AB2139300F5F4F1 /* DataRepo.xcdatamodel */ = {isa = PBXFileReference; lastKnownFileType = wrapper.xcdatamodel; path = DataRepo.xcdatamodel; sourceTree = "<group>"; };
		004712232AB2253200F5F4F1 /* CoreImagePlay.swift */ = {isa = PBXFileReference; lastKnownFileType = sourcecode.swift; path = CoreImagePlay.swift; sourceTree = "<group>"; };
		004712252AB23D4700F5F4F1 /* SwiftUIView.swift */ = {isa = PBXFileReference; lastKnownFileType = sourcecode.swift; path = SwiftUIView.swift; sourceTree = "<group>"; };
		004712272AB23E5200F5F4F1 /* ImagePicker.swift */ = {isa = PBXFileReference; lastKnownFileType = sourcecode.swift; path = ImagePicker.swift; sourceTree = "<group>"; };
		004712292AB26BB900F5F4F1 /* CountdownTimer.swift */ = {isa = PBXFileReference; lastKnownFileType = sourcecode.swift; path = CountdownTimer.swift; sourceTree = "<group>"; };
		0047122B2AB26C7E00F5F4F1 /* TimerTest.swift */ = {isa = PBXFileReference; lastKnownFileType = sourcecode.swift; path = TimerTest.swift; sourceTree = "<group>"; };
		005868F22AB1872300CBFF5C /* Instafilter.app */ = {isa = PBXFileReference; explicitFileType = wrapper.application; includeInIndex = 0; path = Instafilter.app; sourceTree = BUILT_PRODUCTS_DIR; };
		005868F52AB1872300CBFF5C /* InstafilterApp.swift */ = {isa = PBXFileReference; lastKnownFileType = sourcecode.swift; path = InstafilterApp.swift; sourceTree = "<group>"; };
		005868F72AB1872300CBFF5C /* ContentView.swift */ = {isa = PBXFileReference; lastKnownFileType = sourcecode.swift; path = ContentView.swift; sourceTree = "<group>"; };
		005868F92AB1872400CBFF5C /* Assets.xcassets */ = {isa = PBXFileReference; lastKnownFileType = folder.assetcatalog; path = Assets.xcassets; sourceTree = "<group>"; };
		005868FC2AB1872400CBFF5C /* Preview Assets.xcassets */ = {isa = PBXFileReference; lastKnownFileType = folder.assetcatalog; path = "Preview Assets.xcassets"; sourceTree = "<group>"; };
		005869032AB1917400CBFF5C /* AlbumDetailView.swift */ = {isa = PBXFileReference; lastKnownFileType = sourcecode.swift; path = AlbumDetailView.swift; sourceTree = "<group>"; };
/* End PBXFileReference section */

/* Begin PBXFrameworksBuildPhase section */
		005868EF2AB1872300CBFF5C /* Frameworks */ = {
			isa = PBXFrameworksBuildPhase;
			buildActionMask = 2147483647;
			files = (
			);
			runOnlyForDeploymentPostprocessing = 0;
		};
/* End PBXFrameworksBuildPhase section */

/* Begin PBXGroup section */
		005868E92AB1872300CBFF5C = {
			isa = PBXGroup;
			children = (
				005868F42AB1872300CBFF5C /* Instafilter */,
				005868F32AB1872300CBFF5C /* Products */,
			);
			sourceTree = "<group>";
		};
		005868F32AB1872300CBFF5C /* Products */ = {
			isa = PBXGroup;
			children = (
				005868F22AB1872300CBFF5C /* Instafilter.app */,
			);
			name = Products;
			sourceTree = "<group>";
		};
		005868F42AB1872300CBFF5C /* Instafilter */ = {
			isa = PBXGroup;
			children = (
				005868F52AB1872300CBFF5C /* InstafilterApp.swift */,
				005868F72AB1872300CBFF5C /* ContentView.swift */,
				004712292AB26BB900F5F4F1 /* CountdownTimer.swift */,
				0047122B2AB26C7E00F5F4F1 /* TimerTest.swift */,
				004712232AB2253200F5F4F1 /* CoreImagePlay.swift */,
				004712252AB23D4700F5F4F1 /* SwiftUIView.swift */,
				004712272AB23E5200F5F4F1 /* ImagePicker.swift */,
				005869032AB1917400CBFF5C /* AlbumDetailView.swift */,
				005868F92AB1872400CBFF5C /* Assets.xcassets */,
				004712202AB2139300F5F4F1 /* DataRepo.xcdatamodeld */,
				005868FB2AB1872400CBFF5C /* Preview Content */,
			);
			path = Instafilter;
			sourceTree = "<group>";
		};
		005868FB2AB1872400CBFF5C /* Preview Content */ = {
			isa = PBXGroup;
			children = (
				005868FC2AB1872400CBFF5C /* Preview Assets.xcassets */,
			);
			path = "Preview Content";
			sourceTree = "<group>";
		};
/* End PBXGroup section */

/* Begin PBXNativeTarget section */
		005868F12AB1872300CBFF5C /* Instafilter */ = {
			isa = PBXNativeTarget;
			buildConfigurationList = 005869002AB1872400CBFF5C /* Build configuration list for PBXNativeTarget "Instafilter" */;
			buildPhases = (
				005868EE2AB1872300CBFF5C /* Sources */,
				005868EF2AB1872300CBFF5C /* Frameworks */,
				005868F02AB1872300CBFF5C /* Resources */,
			);
			buildRules = (
			);
			dependencies = (
			);
			name = Instafilter;
			productName = Instafilter;
			productReference = 005868F22AB1872300CBFF5C /* Instafilter.app */;
			productType = "com.apple.product-type.application";
		};
/* End PBXNativeTarget section */

/* Begin PBXProject section */
		005868EA2AB1872300CBFF5C /* Project object */ = {
			isa = PBXProject;
			attributes = {
				BuildIndependentTargetsInParallel = 1;
				LastSwiftUpdateCheck = 1430;
				LastUpgradeCheck = 1430;
				TargetAttributes = {
					005868F12AB1872300CBFF5C = {
						CreatedOnToolsVersion = 14.3;
					};
				};
			};
			buildConfigurationList = 005868ED2AB1872300CBFF5C /* Build configuration list for PBXProject "Instafilter" */;
			compatibilityVersion = "Xcode 14.0";
			developmentRegion = en;
			hasScannedForEncodings = 0;
			knownRegions = (
				en,
				Base,
			);
			mainGroup = 005868E92AB1872300CBFF5C;
			productRefGroup = 005868F32AB1872300CBFF5C /* Products */;
			projectDirPath = "";
			projectRoot = "";
			targets = (
				005868F12AB1872300CBFF5C /* Instafilter */,
			);
		};
/* End PBXProject section */

/* Begin PBXResourcesBuildPhase section */
		005868F02AB1872300CBFF5C /* Resources */ = {
			isa = PBXResourcesBuildPhase;
			buildActionMask = 2147483647;
			files = (
				005868FD2AB1872400CBFF5C /* Preview Assets.xcassets in Resources */,
				005868FA2AB1872400CBFF5C /* Assets.xcassets in Resources */,
			);
			runOnlyForDeploymentPostprocessing = 0;
		};
/* End PBXResourcesBuildPhase section */

/* Begin PBXSourcesBuildPhase section */
		005868EE2AB1872300CBFF5C /* Sources */ = {
			isa = PBXSourcesBuildPhase;
			buildActionMask = 2147483647;
			files = (
				005868F82AB1872300CBFF5C /* ContentView.swift in Sources */,
				0047122C2AB26C7E00F5F4F1 /* TimerTest.swift in Sources */,
				0047122A2AB26BB900F5F4F1 /* CountdownTimer.swift in Sources */,
				004712242AB2253200F5F4F1 /* CoreImagePlay.swift in Sources */,
				004712262AB23D4700F5F4F1 /* SwiftUIView.swift in Sources */,
				004712282AB23E5200F5F4F1 /* ImagePicker.swift in Sources */,
				004712222AB2139300F5F4F1 /* DataRepo.xcdatamodeld in Sources */,
				005869042AB1917400CBFF5C /* AlbumDetailView.swift in Sources */,
				005868F62AB1872300CBFF5C /* InstafilterApp.swift in Sources */,
			);
			runOnlyForDeploymentPostprocessing = 0;
		};
/* End PBXSourcesBuildPhase section */

/* Begin XCBuildConfiguration section */
		005868FE2AB1872400CBFF5C /* Debug */ = {
			isa = XCBuildConfiguration;
			buildSettings = {
				ALWAYS_SEARCH_USER_PATHS = NO;
				CLANG_ANALYZER_NONNULL = YES;
				CLANG_ANALYZER_NUMBER_OBJECT_CONVERSION = YES_AGGRESSIVE;
				CLANG_CXX_LANGUAGE_STANDARD = "gnu++20";
				CLANG_ENABLE_MODULES = YES;
				CLANG_ENABLE_OBJC_ARC = YES;
				CLANG_ENABLE_OBJC_WEAK = YES;
				CLANG_WARN_BLOCK_CAPTURE_AUTORELEASING = YES;
				CLANG_WARN_BOOL_CONVERSION = YES;
				CLANG_WARN_COMMA = YES;
				CLANG_WARN_CONSTANT_CONVERSION = YES;
				CLANG_WARN_DEPRECATED_OBJC_IMPLEMENTATIONS = YES;
				CLANG_WARN_DIRECT_OBJC_ISA_USAGE = YES_ERROR;
				CLANG_WARN_DOCUMENTATION_COMMENTS = YES;
				CLANG_WARN_EMPTY_BODY = YES;
				CLANG_WARN_ENUM_CONVERSION = YES;
				CLANG_WARN_INFINITE_RECURSION = YES;
				CLANG_WARN_INT_CONVERSION = YES;
				CLANG_WARN_NON_LITERAL_NULL_CONVERSION = YES;
				CLANG_WARN_OBJC_IMPLICIT_RETAIN_SELF = YES;
				CLANG_WARN_OBJC_LITERAL_CONVERSION = YES;
				CLANG_WARN_OBJC_ROOT_CLASS = YES_ERROR;
				CLANG_WARN_QUOTED_INCLUDE_IN_FRAMEWORK_HEADER = YES;
				CLANG_WARN_RANGE_LOOP_ANALYSIS = YES;
				CLANG_WARN_STRICT_PROTOTYPES = YES;
				CLANG_WARN_SUSPICIOUS_MOVE = YES;
				CLANG_WARN_UNGUARDED_AVAILABILITY = YES_AGGRESSIVE;
				CLANG_WARN_UNREACHABLE_CODE = YES;
				CLANG_WARN__DUPLICATE_METHOD_MATCH = YES;
				COPY_PHASE_STRIP = NO;
				DEBUG_INFORMATION_FORMAT = dwarf;
				ENABLE_STRICT_OBJC_MSGSEND = YES;
				ENABLE_TESTABILITY = YES;
				GCC_C_LANGUAGE_STANDARD = gnu11;
				GCC_DYNAMIC_NO_PIC = NO;
				GCC_NO_COMMON_BLOCKS = YES;
				GCC_OPTIMIZATION_LEVEL = 0;
				GCC_PREPROCESSOR_DEFINITIONS = (
					"DEBUG=1",
					"$(inherited)",
				);
				GCC_WARN_64_TO_32_BIT_CONVERSION = YES;
				GCC_WARN_ABOUT_RETURN_TYPE = YES_ERROR;
				GCC_WARN_UNDECLARED_SELECTOR = YES;
				GCC_WARN_UNINITIALIZED_AUTOS = YES_AGGRESSIVE;
				GCC_WARN_UNUSED_FUNCTION = YES;
				GCC_WARN_UNUSED_VARIABLE = YES;
				IPHONEOS_DEPLOYMENT_TARGET = 16.4;
				MTL_ENABLE_DEBUG_INFO = INCLUDE_SOURCE;
				MTL_FAST_MATH = YES;
				ONLY_ACTIVE_ARCH = YES;
				SDKROOT = iphoneos;
				SWIFT_ACTIVE_COMPILATION_CONDITIONS = DEBUG;
				SWIFT_OPTIMIZATION_LEVEL = "-Onone";
			};
			name = Debug;
		};
		005868FF2AB1872400CBFF5C /* Release */ = {
			isa = XCBuildConfiguration;
			buildSettings = {
				ALWAYS_SEARCH_USER_PATHS = NO;
				CLANG_ANALYZER_NONNULL = YES;
				CLANG_ANALYZER_NUMBER_OBJECT_CONVERSION = YES_AGGRESSIVE;
				CLANG_CXX_LANGUAGE_STANDARD = "gnu++20";
				CLANG_ENABLE_MODULES = YES;
				CLANG_ENABLE_OBJC_ARC = YES;
				CLANG_ENABLE_OBJC_WEAK = YES;
				CLANG_WARN_BLOCK_CAPTURE_AUTORELEASING = YES;
				CLANG_WARN_BOOL_CONVERSION = YES;
				CLANG_WARN_COMMA = YES;
				CLANG_WARN_CONSTANT_CONVERSION = YES;
				CLANG_WARN_DEPRECATED_OBJC_IMPLEMENTATIONS = YES;
				CLANG_WARN_DIRECT_OBJC_ISA_USAGE = YES_ERROR;
				CLANG_WARN_DOCUMENTATION_COMMENTS = YES;
				CLANG_WARN_EMPTY_BODY = YES;
				CLANG_WARN_ENUM_CONVERSION = YES;
				CLANG_WARN_INFINITE_RECURSION = YES;
				CLANG_WARN_INT_CONVERSION = YES;
				CLANG_WARN_NON_LITERAL_NULL_CONVERSION = YES;
				CLANG_WARN_OBJC_IMPLICIT_RETAIN_SELF = YES;
				CLANG_WARN_OBJC_LITERAL_CONVERSION = YES;
				CLANG_WARN_OBJC_ROOT_CLASS = YES_ERROR;
				CLANG_WARN_QUOTED_INCLUDE_IN_FRAMEWORK_HEADER = YES;
				CLANG_WARN_RANGE_LOOP_ANALYSIS = YES;
				CLANG_WARN_STRICT_PROTOTYPES = YES;
				CLANG_WARN_SUSPICIOUS_MOVE = YES;
				CLANG_WARN_UNGUARDED_AVAILABILITY = YES_AGGRESSIVE;
				CLANG_WARN_UNREACHABLE_CODE = YES;
				CLANG_WARN__DUPLICATE_METHOD_MATCH = YES;
				COPY_PHASE_STRIP = NO;
				DEBUG_INFORMATION_FORMAT = "dwarf-with-dsym";
				ENABLE_NS_ASSERTIONS = NO;
				ENABLE_STRICT_OBJC_MSGSEND = YES;
				GCC_C_LANGUAGE_STANDARD = gnu11;
				GCC_NO_COMMON_BLOCKS = YES;
				GCC_WARN_64_TO_32_BIT_CONVERSION = YES;
				GCC_WARN_ABOUT_RETURN_TYPE = YES_ERROR;
				GCC_WARN_UNDECLARED_SELECTOR = YES;
				GCC_WARN_UNINITIALIZED_AUTOS = YES_AGGRESSIVE;
				GCC_WARN_UNUSED_FUNCTION = YES;
				GCC_WARN_UNUSED_VARIABLE = YES;
				IPHONEOS_DEPLOYMENT_TARGET = 16.4;
				MTL_ENABLE_DEBUG_INFO = NO;
				MTL_FAST_MATH = YES;
				SDKROOT = iphoneos;
				SWIFT_COMPILATION_MODE = wholemodule;
				SWIFT_OPTIMIZATION_LEVEL = "-O";
				VALIDATE_PRODUCT = YES;
			};
			name = Release;
		};
		005869012AB1872400CBFF5C /* Debug */ = {
			isa = XCBuildConfiguration;
			buildSettings = {
				ASSETCATALOG_COMPILER_APPICON_NAME = AppIcon;
				ASSETCATALOG_COMPILER_GLOBAL_ACCENT_COLOR_NAME = AccentColor;
				CODE_SIGN_STYLE = Automatic;
				CURRENT_PROJECT_VERSION = 1;
				DEVELOPMENT_ASSET_PATHS = "\"Instafilter/Preview Content\"";
				ENABLE_PREVIEWS = YES;
				GENERATE_INFOPLIST_FILE = YES;
				INFOPLIST_KEY_UIApplicationSceneManifest_Generation = YES;
				INFOPLIST_KEY_UIApplicationSupportsIndirectInputEvents = YES;
				INFOPLIST_KEY_UILaunchScreen_Generation = YES;
				INFOPLIST_KEY_UISupportedInterfaceOrientations_iPad = "UIInterfaceOrientationPortrait UIInterfaceOrientationPortraitUpsideDown UIInterfaceOrientationLandscapeLeft UIInterfaceOrientationLandscapeRight";
				INFOPLIST_KEY_UISupportedInterfaceOrientations_iPhone = "UIInterfaceOrientationPortrait UIInterfaceOrientationLandscapeLeft UIInterfaceOrientationLandscapeRight";
				LD_RUNPATH_SEARCH_PATHS = (
					"$(inherited)",
					"@executable_path/Frameworks",
				);
				MARKETING_VERSION = 1.0;
				PRODUCT_BUNDLE_IDENTIFIER = com.example.Instafilter;
				PRODUCT_NAME = "$(TARGET_NAME)";
				SWIFT_EMIT_LOC_STRINGS = YES;
				SWIFT_VERSION = 5.0;
				TARGETED_DEVICE_FAMILY = "1,2";
			};
			name = Debug;
		};
		005869022AB1872400CBFF5C /* Release */ = {
			isa = XCBuildConfiguration;
			buildSettings = {
				ASSETCATALOG_COMPILER_APPICON_NAME = AppIcon;
				ASSETCATALOG_COMPILER_GLOBAL_ACCENT_COLOR_NAME = AccentColor;
				CODE_SIGN_STYLE = Automatic;
				CURRENT_PROJECT_VERSION = 1;
				DEVELOPMENT_ASSET_PATHS = "\"Instafilter/Preview Content\"";
				ENABLE_PREVIEWS = YES;
				GENERATE_INFOPLIST_FILE = YES;
				INFOPLIST_KEY_UIApplicationSceneManifest_Generation = YES;
				INFOPLIST_KEY_UIApplicationSupportsIndirectInputEvents = YES;
				INFOPLIST_KEY_UILaunchScreen_Generation = YES;
				INFOPLIST_KEY_UISupportedInterfaceOrientations_iPad = "UIInterfaceOrientationPortrait UIInterfaceOrientationPortraitUpsideDown UIInterfaceOrientationLandscapeLeft UIInterfaceOrientationLandscapeRight";
				INFOPLIST_KEY_UISupportedInterfaceOrientations_iPhone = "UIInterfaceOrientationPortrait UIInterfaceOrientationLandscapeLeft UIInterfaceOrientationLandscapeRight";
				LD_RUNPATH_SEARCH_PATHS = (
					"$(inherited)",
					"@executable_path/Frameworks",
				);
				MARKETING_VERSION = 1.0;
				PRODUCT_BUNDLE_IDENTIFIER = com.example.Instafilter;
				PRODUCT_NAME = "$(TARGET_NAME)";
				SWIFT_EMIT_LOC_STRINGS = YES;
				SWIFT_VERSION = 5.0;
				TARGETED_DEVICE_FAMILY = "1,2";
			};
			name = Release;
		};
/* End XCBuildConfiguration section */

/* Begin XCConfigurationList section */
		005868ED2AB1872300CBFF5C /* Build configuration list for PBXProject "Instafilter" */ = {
			isa = XCConfigurationList;
			buildConfigurations = (
				005868FE2AB1872400CBFF5C /* Debug */,
				005868FF2AB1872400CBFF5C /* Release */,
			);
			defaultConfigurationIsVisible = 0;
			defaultConfigurationName = Release;
		};
		005869002AB1872400CBFF5C /* Build configuration list for PBXNativeTarget "Instafilter" */ = {
			isa = XCConfigurationList;
			buildConfigurations = (
				005869012AB1872400CBFF5C /* Debug */,
				005869022AB1872400CBFF5C /* Release */,
			);
			defaultConfigurationIsVisible = 0;
			defaultConfigurationName = Release;
		};
/* End XCConfigurationList section */

/* Begin XCVersionGroup section */
		004712202AB2139300F5F4F1 /* DataRepo.xcdatamodeld */ = {
			isa = XCVersionGroup;
			children = (
				004712212AB2139300F5F4F1 /* DataRepo.xcdatamodel */,
			);
			currentVersion = 004712212AB2139300F5F4F1 /* DataRepo.xcdatamodel */;
			path = DataRepo.xcdatamodeld;
			sourceTree = "<group>";
			versionGroupType = wrapper.xcdatamodel;
		};
/* End XCVersionGroup section */
	};
	rootObject = 005868EA2AB1872300CBFF5C /* Project object */;
}
